
Microsoft Visual Studio Solution File, Format Version 12.00
# Visual Studio Version 16
VisualStudioVersion = 16.0.31410.357
MinimumVisualStudioVersion = 10.0.40219.1
Project("{FAE04EC0-301F-11D3-BF4B-00C04F79EFBC}") = "LandmarkAI", "LandmarkAI\LandmarkAI.csproj", "{670B91E5-746F-4966-A032-2B12ADB1F757}"
EndProject
Global
	GlobalSection(SolutionConfigurationPlatforms) = preSolution
		Debug|Any CPU = Debug|Any CPU
		Release|Any CPU = Release|Any CPU
	EndGlobalSection
	GlobalSection(ProjectConfigurationPlatforms) = postSolution
		{670B91E5-746F-4966-A032-2B12ADB1F757}.Debug|Any CPU.ActiveCfg = Debug|Any CPU
		{670B91E5-746F-4966-A032-2B12ADB1F757}.Debug|Any CPU.Build.0 = Debug|Any CPU
		{670B91E5-746F-4966-A032-2B12ADB1F757}.Release|Any CPU.ActiveCfg = Release|Any CPU
		{670B91E5-746F-4966-A032-2B12ADB1F757}.Release|Any CPU.Build.0 = Release|Any CPU
	EndGlobalSection
	GlobalSection(SolutionProperties) = preSolution
		HideSolutionNode = FALSE
	EndGlobalSection
	GlobalSection(ExtensibilityGlobals) = postSolution
		SolutionGuid = {1DE182CB-2395-401D-99E2-B3E6BC72C0AB}
	EndGlobalSection
EndGlobal
