
Microsoft Visual Studio Solution File, Format Version 12.00
# Visual Studio Version 16
VisualStudioVersion = 16.0.31410.357
MinimumVisualStudioVersion = 10.0.40219.1
Project("{FAE04EC0-301F-11D3-BF4B-00C04F79EFBC}") = "ConsoleDemo", "ConsoleDemo\ConsoleDemo.csproj", "{A80DFD35-B242-4668-806C-6704669F257C}"
EndProject
Global
	GlobalSection(SolutionConfigurationPlatforms) = preSolution
		Debug|Any CPU = Debug|Any CPU
		Release|Any CPU = Release|Any CPU
	EndGlobalSection
	GlobalSection(ProjectConfigurationPlatforms) = postSolution
		{A80DFD35-B242-4668-806C-6704669F257C}.Debug|Any CPU.ActiveCfg = Debug|Any CPU
		{A80DFD35-B242-4668-806C-6704669F257C}.Debug|Any CPU.Build.0 = Debug|Any CPU
		{A80DFD35-B242-4668-806C-6704669F257C}.Release|Any CPU.ActiveCfg = Release|Any CPU
		{A80DFD35-B242-4668-806C-6704669F257C}.Release|Any CPU.Build.0 = Release|Any CPU
	EndGlobalSection
	GlobalSection(SolutionProperties) = preSolution
		HideSolutionNode = FALSE
	EndGlobalSection
	GlobalSection(ExtensibilityGlobals) = postSolution
		SolutionGuid = {F95D4ADA-2EEA-4197-A330-4280D6033C14}
	EndGlobalSection
EndGlobal
