
Microsoft Visual Studio Solution File, Format Version 12.00
# Visual Studio Version 16
VisualStudioVersion = 16.0.31424.327
MinimumVisualStudioVersion = 10.0.40219.1
Project("{FAE04EC0-301F-11D3-BF4B-00C04F79EFBC}") = "Demo", "Demo\Demo.csproj", "{AB10844E-8EBD-4F53-B8B8-13EE02038CC5}"
EndProject
Global
	GlobalSection(SolutionConfigurationPlatforms) = preSolution
		Debug|Any CPU = Debug|Any CPU
		Release|Any CPU = Release|Any CPU
	EndGlobalSection
	GlobalSection(ProjectConfigurationPlatforms) = postSolution
		{AB10844E-8EBD-4F53-B8B8-13EE02038CC5}.Debug|Any CPU.ActiveCfg = Debug|Any CPU
		{AB10844E-8EBD-4F53-B8B8-13EE02038CC5}.Debug|Any CPU.Build.0 = Debug|Any CPU
		{AB10844E-8EBD-4F53-B8B8-13EE02038CC5}.Release|Any CPU.ActiveCfg = Release|Any CPU
		{AB10844E-8EBD-4F53-B8B8-13EE02038CC5}.Release|Any CPU.Build.0 = Release|Any CPU
	EndGlobalSection
	GlobalSection(SolutionProperties) = preSolution
		HideSolutionNode = FALSE
	EndGlobalSection
	GlobalSection(ExtensibilityGlobals) = postSolution
		SolutionGuid = {C3184F56-AB0D-42DA-9B8C-E18BFC940D14}
	EndGlobalSection
EndGlobal
